
Microsoft Visual Studio Solution File, Format Version 12.00
# Visual Studio Version 17
VisualStudioVersion = 17.7.34031.279
MinimumVisualStudioVersion = 10.0.40219.1
Project("{2150E333-8FDC-42A3-9474-1A3956D46DE8}") = "Task0", "Task0", "{4987265B-F814-46FF-ABFE-6E66D92965E4}"
EndProject
Project("{FAE04EC0-301F-11D3-BF4B-00C04F79EFBC}") = "Tyuiu.SmirnovMN.Sprint5.Task0.V19", "Tyuiu.SmirnovMN.Sprint5.Task0.V19\Tyuiu.SmirnovMN.Sprint5.Task0.V19.csproj", "{5DD47DAB-425F-4683-AB53-3500522D2070}"
EndProject
Project("{FAE04EC0-301F-11D3-BF4B-00C04F79EFBC}") = "Tyuiu.SmirnovMN.Sprint5.Task0.V19.Test", "Tyuiu.SmirnovMN.Sprint5.Task0.V19.Test\Tyuiu.SmirnovMN.Sprint5.Task0.V19.Test.csproj", "{4CE7C96B-81B0-413A-9F4B-2136A358C128}"
EndProject
Project("{FAE04EC0-301F-11D3-BF4B-00C04F79EFBC}") = "Tyuiu.SmirnovMN.Sprint5.Task0.V19.Lib", "Tyuiu.SmirnovMN.Sprint5.Task0.V19.Lib\Tyuiu.SmirnovMN.Sprint5.Task0.V19.Lib.csproj", "{7EA1DC84-EA7D-432C-8F74-11C56DCDCBC1}"
EndProject
Project("{2150E333-8FDC-42A3-9474-1A3956D46DE8}") = "Task1", "Task1", "{8BB65D6B-8E68-4534-8FE4-D3E713691B8C}"
EndProject
Project("{FAE04EC0-301F-11D3-BF4B-00C04F79EFBC}") = "Tyuiu.SmirnovMN.Sprint5.Task1.V16", "Tyuiu.SmirnovMN.Sprint5.Task1.V16\Tyuiu.SmirnovMN.Sprint5.Task1.V16.csproj", "{412A55B6-E1C2-443A-9177-E7FA8CEC7E71}"
EndProject
Project("{FAE04EC0-301F-11D3-BF4B-00C04F79EFBC}") = "Tyuiu.SmirnovMN.Sprint5.Task1.V16.Lib", "Tyuiu.SmirnovMN.Sprint5.Task1.V16.Lib\Tyuiu.SmirnovMN.Sprint5.Task1.V16.Lib.csproj", "{F1AC7087-16F8-4CF6-BD2C-8D9211F86183}"
EndProject
Project("{FAE04EC0-301F-11D3-BF4B-00C04F79EFBC}") = "Tyuiu.SmirnovMN.Sprint5.Task1.V16.Test", "Tyuiu.SmirnovMN.Sprint5.Task1.V16.Test\Tyuiu.SmirnovMN.Sprint5.Task1.V16.Test.csproj", "{86C41F29-F5B3-4BDE-9B7B-C7F2BB27E6AF}"
EndProject
Project("{2150E333-8FDC-42A3-9474-1A3956D46DE8}") = "Task2", "Task2", "{70F8AC9D-3786-409B-98F4-EFACAFF6F74B}"
EndProject
Project("{FAE04EC0-301F-11D3-BF4B-00C04F79EFBC}") = "Tyuiu.SmirnovMN.Sprint5.Task2.V21", "Tyuiu.SmirnovMN.Sprint5.Task2.V21\Tyuiu.SmirnovMN.Sprint5.Task2.V21.csproj", "{91FD1496-E506-4946-AB44-3EBED8FE8E7F}"
EndProject
Project("{FAE04EC0-301F-11D3-BF4B-00C04F79EFBC}") = "Tyuiu.SmirnovMN.Sprint5.Task2.V21.Lib", "Tyuiu.SmirnovMN.Sprint5.Task2.V21.Lib\Tyuiu.SmirnovMN.Sprint5.Task2.V21.Lib.csproj", "{AA0FC67E-A57B-45D9-B9E5-22DE7B84993D}"
EndProject
Project("{FAE04EC0-301F-11D3-BF4B-00C04F79EFBC}") = "Tyuiu.SmirnovMN.Sprint5.Task2.V21.Test", "Tyuiu.SmirnovMN.Sprint5.Task2.V21.Test\Tyuiu.SmirnovMN.Sprint5.Task2.V21.Test.csproj", "{DC4568FD-D112-45D1-AD37-BB35255292CE}"
EndProject
Global
	GlobalSection(SolutionConfigurationPlatforms) = preSolution
		Debug|Any CPU = Debug|Any CPU
		Release|Any CPU = Release|Any CPU
	EndGlobalSection
	GlobalSection(ProjectConfigurationPlatforms) = postSolution
		{5DD47DAB-425F-4683-AB53-3500522D2070}.Debug|Any CPU.ActiveCfg = Debug|Any CPU
		{5DD47DAB-425F-4683-AB53-3500522D2070}.Debug|Any CPU.Build.0 = Debug|Any CPU
		{5DD47DAB-425F-4683-AB53-3500522D2070}.Release|Any CPU.ActiveCfg = Release|Any CPU
		{5DD47DAB-425F-4683-AB53-3500522D2070}.Release|Any CPU.Build.0 = Release|Any CPU
		{4CE7C96B-81B0-413A-9F4B-2136A358C128}.Debug|Any CPU.ActiveCfg = Debug|Any CPU
		{4CE7C96B-81B0-413A-9F4B-2136A358C128}.Debug|Any CPU.Build.0 = Debug|Any CPU
		{4CE7C96B-81B0-413A-9F4B-2136A358C128}.Release|Any CPU.ActiveCfg = Release|Any CPU
		{4CE7C96B-81B0-413A-9F4B-2136A358C128}.Release|Any CPU.Build.0 = Release|Any CPU
		{7EA1DC84-EA7D-432C-8F74-11C56DCDCBC1}.Debug|Any CPU.ActiveCfg = Debug|Any CPU
		{7EA1DC84-EA7D-432C-8F74-11C56DCDCBC1}.Debug|Any CPU.Build.0 = Debug|Any CPU
		{7EA1DC84-EA7D-432C-8F74-11C56DCDCBC1}.Release|Any CPU.ActiveCfg = Release|Any CPU
		{7EA1DC84-EA7D-432C-8F74-11C56DCDCBC1}.Release|Any CPU.Build.0 = Release|Any CPU
		{412A55B6-E1C2-443A-9177-E7FA8CEC7E71}.Debug|Any CPU.ActiveCfg = Debug|Any CPU
		{412A55B6-E1C2-443A-9177-E7FA8CEC7E71}.Debug|Any CPU.Build.0 = Debug|Any CPU
		{412A55B6-E1C2-443A-9177-E7FA8CEC7E71}.Release|Any CPU.ActiveCfg = Release|Any CPU
		{412A55B6-E1C2-443A-9177-E7FA8CEC7E71}.Release|Any CPU.Build.0 = Release|Any CPU
		{F1AC7087-16F8-4CF6-BD2C-8D9211F86183}.Debug|Any CPU.ActiveCfg = Debug|Any CPU
		{F1AC7087-16F8-4CF6-BD2C-8D9211F86183}.Debug|Any CPU.Build.0 = Debug|Any CPU
		{F1AC7087-16F8-4CF6-BD2C-8D9211F86183}.Release|Any CPU.ActiveCfg = Release|Any CPU
		{F1AC7087-16F8-4CF6-BD2C-8D9211F86183}.Release|Any CPU.Build.0 = Release|Any CPU
		{86C41F29-F5B3-4BDE-9B7B-C7F2BB27E6AF}.Debug|Any CPU.ActiveCfg = Debug|Any CPU
		{86C41F29-F5B3-4BDE-9B7B-C7F2BB27E6AF}.Debug|Any CPU.Build.0 = Debug|Any CPU
		{86C41F29-F5B3-4BDE-9B7B-C7F2BB27E6AF}.Release|Any CPU.ActiveCfg = Release|Any CPU
		{86C41F29-F5B3-4BDE-9B7B-C7F2BB27E6AF}.Release|Any CPU.Build.0 = Release|Any CPU
		{91FD1496-E506-4946-AB44-3EBED8FE8E7F}.Debug|Any CPU.ActiveCfg = Debug|Any CPU
		{91FD1496-E506-4946-AB44-3EBED8FE8E7F}.Debug|Any CPU.Build.0 = Debug|Any CPU
		{91FD1496-E506-4946-AB44-3EBED8FE8E7F}.Release|Any CPU.ActiveCfg = Release|Any CPU
		{91FD1496-E506-4946-AB44-3EBED8FE8E7F}.Release|Any CPU.Build.0 = Release|Any CPU
		{AA0FC67E-A57B-45D9-B9E5-22DE7B84993D}.Debug|Any CPU.ActiveCfg = Debug|Any CPU
		{AA0FC67E-A57B-45D9-B9E5-22DE7B84993D}.Debug|Any CPU.Build.0 = Debug|Any CPU
		{AA0FC67E-A57B-45D9-B9E5-22DE7B84993D}.Release|Any CPU.ActiveCfg = Release|Any CPU
		{AA0FC67E-A57B-45D9-B9E5-22DE7B84993D}.Release|Any CPU.Build.0 = Release|Any CPU
		{DC4568FD-D112-45D1-AD37-BB35255292CE}.Debug|Any CPU.ActiveCfg = Debug|Any CPU
		{DC4568FD-D112-45D1-AD37-BB35255292CE}.Debug|Any CPU.Build.0 = Debug|Any CPU
		{DC4568FD-D112-45D1-AD37-BB35255292CE}.Release|Any CPU.ActiveCfg = Release|Any CPU
		{DC4568FD-D112-45D1-AD37-BB35255292CE}.Release|Any CPU.Build.0 = Release|Any CPU
	EndGlobalSection
	GlobalSection(SolutionProperties) = preSolution
		HideSolutionNode = FALSE
	EndGlobalSection
	GlobalSection(NestedProjects) = preSolution
		{5DD47DAB-425F-4683-AB53-3500522D2070} = {4987265B-F814-46FF-ABFE-6E66D92965E4}
		{4CE7C96B-81B0-413A-9F4B-2136A358C128} = {4987265B-F814-46FF-ABFE-6E66D92965E4}
		{7EA1DC84-EA7D-432C-8F74-11C56DCDCBC1} = {4987265B-F814-46FF-ABFE-6E66D92965E4}
		{412A55B6-E1C2-443A-9177-E7FA8CEC7E71} = {8BB65D6B-8E68-4534-8FE4-D3E713691B8C}
		{F1AC7087-16F8-4CF6-BD2C-8D9211F86183} = {8BB65D6B-8E68-4534-8FE4-D3E713691B8C}
		{86C41F29-F5B3-4BDE-9B7B-C7F2BB27E6AF} = {8BB65D6B-8E68-4534-8FE4-D3E713691B8C}
		{91FD1496-E506-4946-AB44-3EBED8FE8E7F} = {70F8AC9D-3786-409B-98F4-EFACAFF6F74B}
		{AA0FC67E-A57B-45D9-B9E5-22DE7B84993D} = {70F8AC9D-3786-409B-98F4-EFACAFF6F74B}
		{DC4568FD-D112-45D1-AD37-BB35255292CE} = {70F8AC9D-3786-409B-98F4-EFACAFF6F74B}
	EndGlobalSection
	GlobalSection(ExtensibilityGlobals) = postSolution
		SolutionGuid = {4103BB78-A9D7-4EBC-A74B-F56879466CD1}
	EndGlobalSection
EndGlobal
