
Microsoft Visual Studio Solution File, Format Version 12.00
# Visual Studio Version 17
VisualStudioVersion = 17.7.34031.279
MinimumVisualStudioVersion = 10.0.40219.1
Project("{2150E333-8FDC-42A3-9474-1A3956D46DE8}") = "Task0", "Task0", "{4987265B-F814-46FF-ABFE-6E66D92965E4}"
EndProject
Project("{FAE04EC0-301F-11D3-BF4B-00C04F79EFBC}") = "Tyuiu.SmirnovMN.Sprint5.Task0.V19", "Tyuiu.SmirnovMN.Sprint5.Task0.V19\Tyuiu.SmirnovMN.Sprint5.Task0.V19.csproj", "{5DD47DAB-425F-4683-AB53-3500522D2070}"
EndProject
Project("{FAE04EC0-301F-11D3-BF4B-00C04F79EFBC}") = "Tyuiu.SmirnovMN.Sprint5.Task0.V19.Test", "Tyuiu.SmirnovMN.Sprint5.Task0.V19.Test\Tyuiu.SmirnovMN.Sprint5.Task0.V19.Test.csproj", "{4CE7C96B-81B0-413A-9F4B-2136A358C128}"
EndProject
Project("{FAE04EC0-301F-11D3-BF4B-00C04F79EFBC}") = "Tyuiu.SmirnovMN.Sprint5.Task0.V19.Lib", "Tyuiu.SmirnovMN.Sprint5.Task0.V19.Lib\Tyuiu.SmirnovMN.Sprint5.Task0.V19.Lib.csproj", "{7EA1DC84-EA7D-432C-8F74-11C56DCDCBC1}"
EndProject
Project("{2150E333-8FDC-42A3-9474-1A3956D46DE8}") = "Task1", "Task1", "{8BB65D6B-8E68-4534-8FE4-D3E713691B8C}"
EndProject
Project("{FAE04EC0-301F-11D3-BF4B-00C04F79EFBC}") = "Tyuiu.SmirnovMN.Sprint5.Task1.V16", "Tyuiu.SmirnovMN.Sprint5.Task1.V16\Tyuiu.SmirnovMN.Sprint5.Task1.V16.csproj", "{412A55B6-E1C2-443A-9177-E7FA8CEC7E71}"
EndProject
Project("{FAE04EC0-301F-11D3-BF4B-00C04F79EFBC}") = "Tyuiu.SmirnovMN.Sprint5.Task1.V16.Lib", "Tyuiu.SmirnovMN.Sprint5.Task1.V16.Lib\Tyuiu.SmirnovMN.Sprint5.Task1.V16.Lib.csproj", "{F1AC7087-16F8-4CF6-BD2C-8D9211F86183}"
EndProject
Project("{FAE04EC0-301F-11D3-BF4B-00C04F79EFBC}") = "Tyuiu.SmirnovMN.Sprint5.Task1.V16.Test", "Tyuiu.SmirnovMN.Sprint5.Task1.V16.Test\Tyuiu.SmirnovMN.Sprint5.Task1.V16.Test.csproj", "{86C41F29-F5B3-4BDE-9B7B-C7F2BB27E6AF}"
EndProject
Project("{2150E333-8FDC-42A3-9474-1A3956D46DE8}") = "Task2", "Task2", "{70F8AC9D-3786-409B-98F4-EFACAFF6F74B}"
EndProject
Project("{FAE04EC0-301F-11D3-BF4B-00C04F79EFBC}") = "Tyuiu.SmirnovMN.Sprint5.Task2.V21", "Tyuiu.SmirnovMN.Sprint5.Task2.V21\Tyuiu.SmirnovMN.Sprint5.Task2.V21.csproj", "{91FD1496-E506-4946-AB44-3EBED8FE8E7F}"
EndProject
Project("{FAE04EC0-301F-11D3-BF4B-00C04F79EFBC}") = "Tyuiu.SmirnovMN.Sprint5.Task2.V21.Lib", "Tyuiu.SmirnovMN.Sprint5.Task2.V21.Lib\Tyuiu.SmirnovMN.Sprint5.Task2.V21.Lib.csproj", "{AA0FC67E-A57B-45D9-B9E5-22DE7B84993D}"
EndProject
Project("{FAE04EC0-301F-11D3-BF4B-00C04F79EFBC}") = "Tyuiu.SmirnovMN.Sprint5.Task2.V21.Test", "Tyuiu.SmirnovMN.Sprint5.Task2.V21.Test\Tyuiu.SmirnovMN.Sprint5.Task2.V21.Test.csproj", "{DC4568FD-D112-45D1-AD37-BB35255292CE}"
EndProject
Project("{2150E333-8FDC-42A3-9474-1A3956D46DE8}") = "Task3", "Task3", "{E895F6F7-FBFE-43AD-912A-017A68610CD5}"
EndProject
Project("{FAE04EC0-301F-11D3-BF4B-00C04F79EFBC}") = "Tyuiu.SmirnovMN.Sprint5.Task3.V2", "Tyuiu.SmirnovMN.Sprint5.Task3.V2\Tyuiu.SmirnovMN.Sprint5.Task3.V2.csproj", "{6E947485-7036-409B-8F5A-4570FED2AC28}"
EndProject
Project("{FAE04EC0-301F-11D3-BF4B-00C04F79EFBC}") = "Tyuiu.SmirnovMN.Sprint5.Task3.V2.Lib", "Tyuiu.SmirnovMN.Sprint5.Task3.V2.Lib\Tyuiu.SmirnovMN.Sprint5.Task3.V2.Lib.csproj", "{375B9708-91C7-4868-A34A-9B6AA82C0FE6}"
EndProject
Project("{FAE04EC0-301F-11D3-BF4B-00C04F79EFBC}") = "Tyuiu.SmirnovMN.Sprint5.Task3.V2.Test", "Tyuiu.SmirnovMN.Sprint5.Task3.V2.Test\Tyuiu.SmirnovMN.Sprint5.Task3.V2.Test.csproj", "{5768F07E-8008-4058-9AAF-05A08ECDE9B1}"
EndProject
Project("{2150E333-8FDC-42A3-9474-1A3956D46DE8}") = "Task4", "Task4", "{4F1749CC-7D36-49CF-87C9-9683CF7E9BB2}"
EndProject
Project("{FAE04EC0-301F-11D3-BF4B-00C04F79EFBC}") = "Tyuiu.SmirnovMN.Sprint5.Task4.V18", "Tyuiu.SmirnovMN.Sprint5.Task4.V18\Tyuiu.SmirnovMN.Sprint5.Task4.V18.csproj", "{E19FBE2B-876D-4B9E-B174-2A4F2E8DB25F}"
EndProject
Project("{FAE04EC0-301F-11D3-BF4B-00C04F79EFBC}") = "Tyuiu.SmirnovMN.Sprint5.Task4.V18.Lib", "Tyuiu.SmirnovMN.Sprint5.Task4.V18.Lib\Tyuiu.SmirnovMN.Sprint5.Task4.V18.Lib.csproj", "{B276F565-34FF-40BC-BC6A-BD2E978C2A1A}"
EndProject
Project("{FAE04EC0-301F-11D3-BF4B-00C04F79EFBC}") = "Tyuiu.SmirnovMN.Sprint5.Task4.V18.Test", "Tyuiu.SmirnovMN.Sprint5.Task4.V18.Test\Tyuiu.SmirnovMN.Sprint5.Task4.V18.Test.csproj", "{CBAF634D-D625-47F1-9D0D-CC284D4B2D25}"
EndProject
Project("{2150E333-8FDC-42A3-9474-1A3956D46DE8}") = "Task5", "Task5", "{C1E1693D-1BAF-4244-9CB7-EC12FBA7206E}"
EndProject
Project("{FAE04EC0-301F-11D3-BF4B-00C04F79EFBC}") = "Tyuiu.SmirnovMN.Sprint5.Task5.V28", "Tyuiu.SmirnovMN.Sprint5.Task5.V28\Tyuiu.SmirnovMN.Sprint5.Task5.V28.csproj", "{9F6FD47D-F9BB-4A14-A078-1C07AEE2E13A}"
EndProject
Project("{FAE04EC0-301F-11D3-BF4B-00C04F79EFBC}") = "Tyuiu.SmirnovMN.Sprint5.Task5.V28.Lib", "Tyuiu.SmirnovMN.Sprint5.Task5.V28.Lib\Tyuiu.SmirnovMN.Sprint5.Task5.V28.Lib.csproj", "{CE6B794A-BE12-4307-BE9E-4A281FCCDE4E}"
EndProject
Project("{FAE04EC0-301F-11D3-BF4B-00C04F79EFBC}") = "Tyuiu.SmirnovMN.Sprint5.Task5.V28.Test", "Tyuiu.SmirnovMN.Sprint5.Task5.V28.Test\Tyuiu.SmirnovMN.Sprint5.Task5.V28.Test.csproj", "{8380D975-0D96-4CE1-A35C-0593DF7D19E3}"
EndProject
Global
	GlobalSection(SolutionConfigurationPlatforms) = preSolution
		Debug|Any CPU = Debug|Any CPU
		Release|Any CPU = Release|Any CPU
	EndGlobalSection
	GlobalSection(ProjectConfigurationPlatforms) = postSolution
		{5DD47DAB-425F-4683-AB53-3500522D2070}.Debug|Any CPU.ActiveCfg = Debug|Any CPU
		{5DD47DAB-425F-4683-AB53-3500522D2070}.Debug|Any CPU.Build.0 = Debug|Any CPU
		{5DD47DAB-425F-4683-AB53-3500522D2070}.Release|Any CPU.ActiveCfg = Release|Any CPU
		{5DD47DAB-425F-4683-AB53-3500522D2070}.Release|Any CPU.Build.0 = Release|Any CPU
		{4CE7C96B-81B0-413A-9F4B-2136A358C128}.Debug|Any CPU.ActiveCfg = Debug|Any CPU
		{4CE7C96B-81B0-413A-9F4B-2136A358C128}.Debug|Any CPU.Build.0 = Debug|Any CPU
		{4CE7C96B-81B0-413A-9F4B-2136A358C128}.Release|Any CPU.ActiveCfg = Release|Any CPU
		{4CE7C96B-81B0-413A-9F4B-2136A358C128}.Release|Any CPU.Build.0 = Release|Any CPU
		{7EA1DC84-EA7D-432C-8F74-11C56DCDCBC1}.Debug|Any CPU.ActiveCfg = Debug|Any CPU
		{7EA1DC84-EA7D-432C-8F74-11C56DCDCBC1}.Debug|Any CPU.Build.0 = Debug|Any CPU
		{7EA1DC84-EA7D-432C-8F74-11C56DCDCBC1}.Release|Any CPU.ActiveCfg = Release|Any CPU
		{7EA1DC84-EA7D-432C-8F74-11C56DCDCBC1}.Release|Any CPU.Build.0 = Release|Any CPU
		{412A55B6-E1C2-443A-9177-E7FA8CEC7E71}.Debug|Any CPU.ActiveCfg = Debug|Any CPU
		{412A55B6-E1C2-443A-9177-E7FA8CEC7E71}.Debug|Any CPU.Build.0 = Debug|Any CPU
		{412A55B6-E1C2-443A-9177-E7FA8CEC7E71}.Release|Any CPU.ActiveCfg = Release|Any CPU
		{412A55B6-E1C2-443A-9177-E7FA8CEC7E71}.Release|Any CPU.Build.0 = Release|Any CPU
		{F1AC7087-16F8-4CF6-BD2C-8D9211F86183}.Debug|Any CPU.ActiveCfg = Debug|Any CPU
		{F1AC7087-16F8-4CF6-BD2C-8D9211F86183}.Debug|Any CPU.Build.0 = Debug|Any CPU
		{F1AC7087-16F8-4CF6-BD2C-8D9211F86183}.Release|Any CPU.ActiveCfg = Release|Any CPU
		{F1AC7087-16F8-4CF6-BD2C-8D9211F86183}.Release|Any CPU.Build.0 = Release|Any CPU
		{86C41F29-F5B3-4BDE-9B7B-C7F2BB27E6AF}.Debug|Any CPU.ActiveCfg = Debug|Any CPU
		{86C41F29-F5B3-4BDE-9B7B-C7F2BB27E6AF}.Debug|Any CPU.Build.0 = Debug|Any CPU
		{86C41F29-F5B3-4BDE-9B7B-C7F2BB27E6AF}.Release|Any CPU.ActiveCfg = Release|Any CPU
		{86C41F29-F5B3-4BDE-9B7B-C7F2BB27E6AF}.Release|Any CPU.Build.0 = Release|Any CPU
		{91FD1496-E506-4946-AB44-3EBED8FE8E7F}.Debug|Any CPU.ActiveCfg = Debug|Any CPU
		{91FD1496-E506-4946-AB44-3EBED8FE8E7F}.Debug|Any CPU.Build.0 = Debug|Any CPU
		{91FD1496-E506-4946-AB44-3EBED8FE8E7F}.Release|Any CPU.ActiveCfg = Release|Any CPU
		{91FD1496-E506-4946-AB44-3EBED8FE8E7F}.Release|Any CPU.Build.0 = Release|Any CPU
		{AA0FC67E-A57B-45D9-B9E5-22DE7B84993D}.Debug|Any CPU.ActiveCfg = Debug|Any CPU
		{AA0FC67E-A57B-45D9-B9E5-22DE7B84993D}.Debug|Any CPU.Build.0 = Debug|Any CPU
		{AA0FC67E-A57B-45D9-B9E5-22DE7B84993D}.Release|Any CPU.ActiveCfg = Release|Any CPU
		{AA0FC67E-A57B-45D9-B9E5-22DE7B84993D}.Release|Any CPU.Build.0 = Release|Any CPU
		{DC4568FD-D112-45D1-AD37-BB35255292CE}.Debug|Any CPU.ActiveCfg = Debug|Any CPU
		{DC4568FD-D112-45D1-AD37-BB35255292CE}.Debug|Any CPU.Build.0 = Debug|Any CPU
		{DC4568FD-D112-45D1-AD37-BB35255292CE}.Release|Any CPU.ActiveCfg = Release|Any CPU
		{DC4568FD-D112-45D1-AD37-BB35255292CE}.Release|Any CPU.Build.0 = Release|Any CPU
		{6E947485-7036-409B-8F5A-4570FED2AC28}.Debug|Any CPU.ActiveCfg = Debug|Any CPU
		{6E947485-7036-409B-8F5A-4570FED2AC28}.Debug|Any CPU.Build.0 = Debug|Any CPU
		{6E947485-7036-409B-8F5A-4570FED2AC28}.Release|Any CPU.ActiveCfg = Release|Any CPU
		{6E947485-7036-409B-8F5A-4570FED2AC28}.Release|Any CPU.Build.0 = Release|Any CPU
		{375B9708-91C7-4868-A34A-9B6AA82C0FE6}.Debug|Any CPU.ActiveCfg = Debug|Any CPU
		{375B9708-91C7-4868-A34A-9B6AA82C0FE6}.Debug|Any CPU.Build.0 = Debug|Any CPU
		{375B9708-91C7-4868-A34A-9B6AA82C0FE6}.Release|Any CPU.ActiveCfg = Release|Any CPU
		{375B9708-91C7-4868-A34A-9B6AA82C0FE6}.Release|Any CPU.Build.0 = Release|Any CPU
		{5768F07E-8008-4058-9AAF-05A08ECDE9B1}.Debug|Any CPU.ActiveCfg = Debug|Any CPU
		{5768F07E-8008-4058-9AAF-05A08ECDE9B1}.Debug|Any CPU.Build.0 = Debug|Any CPU
		{5768F07E-8008-4058-9AAF-05A08ECDE9B1}.Release|Any CPU.ActiveCfg = Release|Any CPU
		{5768F07E-8008-4058-9AAF-05A08ECDE9B1}.Release|Any CPU.Build.0 = Release|Any CPU
		{E19FBE2B-876D-4B9E-B174-2A4F2E8DB25F}.Debug|Any CPU.ActiveCfg = Debug|Any CPU
		{E19FBE2B-876D-4B9E-B174-2A4F2E8DB25F}.Debug|Any CPU.Build.0 = Debug|Any CPU
		{E19FBE2B-876D-4B9E-B174-2A4F2E8DB25F}.Release|Any CPU.ActiveCfg = Release|Any CPU
		{E19FBE2B-876D-4B9E-B174-2A4F2E8DB25F}.Release|Any CPU.Build.0 = Release|Any CPU
		{B276F565-34FF-40BC-BC6A-BD2E978C2A1A}.Debug|Any CPU.ActiveCfg = Debug|Any CPU
		{B276F565-34FF-40BC-BC6A-BD2E978C2A1A}.Debug|Any CPU.Build.0 = Debug|Any CPU
		{B276F565-34FF-40BC-BC6A-BD2E978C2A1A}.Release|Any CPU.ActiveCfg = Release|Any CPU
		{B276F565-34FF-40BC-BC6A-BD2E978C2A1A}.Release|Any CPU.Build.0 = Release|Any CPU
		{CBAF634D-D625-47F1-9D0D-CC284D4B2D25}.Debug|Any CPU.ActiveCfg = Debug|Any CPU
		{CBAF634D-D625-47F1-9D0D-CC284D4B2D25}.Debug|Any CPU.Build.0 = Debug|Any CPU
		{CBAF634D-D625-47F1-9D0D-CC284D4B2D25}.Release|Any CPU.ActiveCfg = Release|Any CPU
		{CBAF634D-D625-47F1-9D0D-CC284D4B2D25}.Release|Any CPU.Build.0 = Release|Any CPU
		{9F6FD47D-F9BB-4A14-A078-1C07AEE2E13A}.Debug|Any CPU.ActiveCfg = Debug|Any CPU
		{9F6FD47D-F9BB-4A14-A078-1C07AEE2E13A}.Debug|Any CPU.Build.0 = Debug|Any CPU
		{9F6FD47D-F9BB-4A14-A078-1C07AEE2E13A}.Release|Any CPU.ActiveCfg = Release|Any CPU
		{9F6FD47D-F9BB-4A14-A078-1C07AEE2E13A}.Release|Any CPU.Build.0 = Release|Any CPU
		{CE6B794A-BE12-4307-BE9E-4A281FCCDE4E}.Debug|Any CPU.ActiveCfg = Debug|Any CPU
		{CE6B794A-BE12-4307-BE9E-4A281FCCDE4E}.Debug|Any CPU.Build.0 = Debug|Any CPU
		{CE6B794A-BE12-4307-BE9E-4A281FCCDE4E}.Release|Any CPU.ActiveCfg = Release|Any CPU
		{CE6B794A-BE12-4307-BE9E-4A281FCCDE4E}.Release|Any CPU.Build.0 = Release|Any CPU
		{8380D975-0D96-4CE1-A35C-0593DF7D19E3}.Debug|Any CPU.ActiveCfg = Debug|Any CPU
		{8380D975-0D96-4CE1-A35C-0593DF7D19E3}.Debug|Any CPU.Build.0 = Debug|Any CPU
		{8380D975-0D96-4CE1-A35C-0593DF7D19E3}.Release|Any CPU.ActiveCfg = Release|Any CPU
		{8380D975-0D96-4CE1-A35C-0593DF7D19E3}.Release|Any CPU.Build.0 = Release|Any CPU
	EndGlobalSection
	GlobalSection(SolutionProperties) = preSolution
		HideSolutionNode = FALSE
	EndGlobalSection
	GlobalSection(NestedProjects) = preSolution
		{5DD47DAB-425F-4683-AB53-3500522D2070} = {4987265B-F814-46FF-ABFE-6E66D92965E4}
		{4CE7C96B-81B0-413A-9F4B-2136A358C128} = {4987265B-F814-46FF-ABFE-6E66D92965E4}
		{7EA1DC84-EA7D-432C-8F74-11C56DCDCBC1} = {4987265B-F814-46FF-ABFE-6E66D92965E4}
		{412A55B6-E1C2-443A-9177-E7FA8CEC7E71} = {8BB65D6B-8E68-4534-8FE4-D3E713691B8C}
		{F1AC7087-16F8-4CF6-BD2C-8D9211F86183} = {8BB65D6B-8E68-4534-8FE4-D3E713691B8C}
		{86C41F29-F5B3-4BDE-9B7B-C7F2BB27E6AF} = {8BB65D6B-8E68-4534-8FE4-D3E713691B8C}
		{91FD1496-E506-4946-AB44-3EBED8FE8E7F} = {70F8AC9D-3786-409B-98F4-EFACAFF6F74B}
		{AA0FC67E-A57B-45D9-B9E5-22DE7B84993D} = {70F8AC9D-3786-409B-98F4-EFACAFF6F74B}
		{DC4568FD-D112-45D1-AD37-BB35255292CE} = {70F8AC9D-3786-409B-98F4-EFACAFF6F74B}
		{6E947485-7036-409B-8F5A-4570FED2AC28} = {E895F6F7-FBFE-43AD-912A-017A68610CD5}
		{375B9708-91C7-4868-A34A-9B6AA82C0FE6} = {E895F6F7-FBFE-43AD-912A-017A68610CD5}
		{5768F07E-8008-4058-9AAF-05A08ECDE9B1} = {E895F6F7-FBFE-43AD-912A-017A68610CD5}
		{E19FBE2B-876D-4B9E-B174-2A4F2E8DB25F} = {4F1749CC-7D36-49CF-87C9-9683CF7E9BB2}
		{B276F565-34FF-40BC-BC6A-BD2E978C2A1A} = {4F1749CC-7D36-49CF-87C9-9683CF7E9BB2}
		{CBAF634D-D625-47F1-9D0D-CC284D4B2D25} = {4F1749CC-7D36-49CF-87C9-9683CF7E9BB2}
		{9F6FD47D-F9BB-4A14-A078-1C07AEE2E13A} = {C1E1693D-1BAF-4244-9CB7-EC12FBA7206E}
		{CE6B794A-BE12-4307-BE9E-4A281FCCDE4E} = {C1E1693D-1BAF-4244-9CB7-EC12FBA7206E}
		{8380D975-0D96-4CE1-A35C-0593DF7D19E3} = {C1E1693D-1BAF-4244-9CB7-EC12FBA7206E}
	EndGlobalSection
	GlobalSection(ExtensibilityGlobals) = postSolution
		SolutionGuid = {4103BB78-A9D7-4EBC-A74B-F56879466CD1}
	EndGlobalSection
EndGlobal
